
Microsoft Visual Studio Solution File, Format Version 12.00
# Visual Studio 14
VisualStudioVersion = 14.0.23107.0
MinimumVisualStudioVersion = 10.0.40219.1
Project("{FAE04EC0-301F-11D3-BF4B-00C04F79EFBC}") = "Cat Feeder", "Cat Feeder.csproj", "{43267524-5E8D-462D-95DD-FE9B48D3FFB3}"
EndProject
Project("{CC5FD16D-436D-48AD-A40C-5A424C6E3E79}") = "CatFeederService", "..\CatFeederService\CatFeederService.ccproj", "{D9513F78-3EA4-4EC4-998E-D315C855B3C1}"
EndProject
Project("{FAE04EC0-301F-11D3-BF4B-00C04F79EFBC}") = "WorkerRoleWithSBQueue1", "WorkerRoleWithSBQueue1\WorkerRoleWithSBQueue1.csproj", "{960201CE-57D0-47CD-A840-02E20D240605}"
EndProject
Project("{FAE04EC0-301F-11D3-BF4B-00C04F79EFBC}") = "WebRole1", "WebRole1\WebRole1.csproj", "{7BCBB1A6-3A15-4258-896D-5C078D20FC0B}"
EndProject
Project("{FAE04EC0-301F-11D3-BF4B-00C04F79EFBC}") = "WebRole1.Tests", "WebRole1.Tests\WebRole1.Tests.csproj", "{FB37F5C6-E5A5-4797-8EA3-E0AD325F0891}"
EndProject
Global
	GlobalSection(SolutionConfigurationPlatforms) = preSolution
		Debug|Any CPU = Debug|Any CPU
		Debug|ARM = Debug|ARM
		Debug|x64 = Debug|x64
		Debug|x86 = Debug|x86
		Release|Any CPU = Release|Any CPU
		Release|ARM = Release|ARM
		Release|x64 = Release|x64
		Release|x86 = Release|x86
	EndGlobalSection
	GlobalSection(ProjectConfigurationPlatforms) = postSolution
		{43267524-5E8D-462D-95DD-FE9B48D3FFB3}.Debug|Any CPU.ActiveCfg = Debug|x86
		{43267524-5E8D-462D-95DD-FE9B48D3FFB3}.Debug|ARM.ActiveCfg = Debug|ARM
		{43267524-5E8D-462D-95DD-FE9B48D3FFB3}.Debug|ARM.Build.0 = Debug|ARM
		{43267524-5E8D-462D-95DD-FE9B48D3FFB3}.Debug|ARM.Deploy.0 = Debug|ARM
		{43267524-5E8D-462D-95DD-FE9B48D3FFB3}.Debug|x64.ActiveCfg = Debug|x64
		{43267524-5E8D-462D-95DD-FE9B48D3FFB3}.Debug|x64.Build.0 = Debug|x64
		{43267524-5E8D-462D-95DD-FE9B48D3FFB3}.Debug|x64.Deploy.0 = Debug|x64
		{43267524-5E8D-462D-95DD-FE9B48D3FFB3}.Debug|x86.ActiveCfg = Debug|x86
		{43267524-5E8D-462D-95DD-FE9B48D3FFB3}.Debug|x86.Build.0 = Debug|x86
		{43267524-5E8D-462D-95DD-FE9B48D3FFB3}.Debug|x86.Deploy.0 = Debug|x86
		{43267524-5E8D-462D-95DD-FE9B48D3FFB3}.Release|Any CPU.ActiveCfg = Release|x86
		{43267524-5E8D-462D-95DD-FE9B48D3FFB3}.Release|ARM.ActiveCfg = Release|ARM
		{43267524-5E8D-462D-95DD-FE9B48D3FFB3}.Release|ARM.Build.0 = Release|ARM
		{43267524-5E8D-462D-95DD-FE9B48D3FFB3}.Release|ARM.Deploy.0 = Release|ARM
		{43267524-5E8D-462D-95DD-FE9B48D3FFB3}.Release|x64.ActiveCfg = Release|x64
		{43267524-5E8D-462D-95DD-FE9B48D3FFB3}.Release|x64.Build.0 = Release|x64
		{43267524-5E8D-462D-95DD-FE9B48D3FFB3}.Release|x64.Deploy.0 = Release|x64
		{43267524-5E8D-462D-95DD-FE9B48D3FFB3}.Release|x86.ActiveCfg = Release|x86
		{43267524-5E8D-462D-95DD-FE9B48D3FFB3}.Release|x86.Build.0 = Release|x86
		{43267524-5E8D-462D-95DD-FE9B48D3FFB3}.Release|x86.Deploy.0 = Release|x86
		{D9513F78-3EA4-4EC4-998E-D315C855B3C1}.Debug|Any CPU.ActiveCfg = Debug|Any CPU
		{D9513F78-3EA4-4EC4-998E-D315C855B3C1}.Debug|Any CPU.Build.0 = Debug|Any CPU
		{D9513F78-3EA4-4EC4-998E-D315C855B3C1}.Debug|ARM.ActiveCfg = Debug|Any CPU
		{D9513F78-3EA4-4EC4-998E-D315C855B3C1}.Debug|ARM.Build.0 = Debug|Any CPU
		{D9513F78-3EA4-4EC4-998E-D315C855B3C1}.Debug|x64.ActiveCfg = Debug|Any CPU
		{D9513F78-3EA4-4EC4-998E-D315C855B3C1}.Debug|x64.Build.0 = Debug|Any CPU
		{D9513F78-3EA4-4EC4-998E-D315C855B3C1}.Debug|x86.ActiveCfg = Debug|Any CPU
		{D9513F78-3EA4-4EC4-998E-D315C855B3C1}.Debug|x86.Build.0 = Debug|Any CPU
		{D9513F78-3EA4-4EC4-998E-D315C855B3C1}.Release|Any CPU.ActiveCfg = Release|Any CPU
		{D9513F78-3EA4-4EC4-998E-D315C855B3C1}.Release|Any CPU.Build.0 = Release|Any CPU
		{D9513F78-3EA4-4EC4-998E-D315C855B3C1}.Release|ARM.ActiveCfg = Release|Any CPU
		{D9513F78-3EA4-4EC4-998E-D315C855B3C1}.Release|ARM.Build.0 = Release|Any CPU
		{D9513F78-3EA4-4EC4-998E-D315C855B3C1}.Release|x64.ActiveCfg = Release|Any CPU
		{D9513F78-3EA4-4EC4-998E-D315C855B3C1}.Release|x64.Build.0 = Release|Any CPU
		{D9513F78-3EA4-4EC4-998E-D315C855B3C1}.Release|x86.ActiveCfg = Release|Any CPU
		{D9513F78-3EA4-4EC4-998E-D315C855B3C1}.Release|x86.Build.0 = Release|Any CPU
		{960201CE-57D0-47CD-A840-02E20D240605}.Debug|Any CPU.ActiveCfg = Debug|Any CPU
		{960201CE-57D0-47CD-A840-02E20D240605}.Debug|Any CPU.Build.0 = Debug|Any CPU
		{960201CE-57D0-47CD-A840-02E20D240605}.Debug|ARM.ActiveCfg = Debug|Any CPU
		{960201CE-57D0-47CD-A840-02E20D240605}.Debug|ARM.Build.0 = Debug|Any CPU
		{960201CE-57D0-47CD-A840-02E20D240605}.Debug|x64.ActiveCfg = Debug|Any CPU
		{960201CE-57D0-47CD-A840-02E20D240605}.Debug|x64.Build.0 = Debug|Any CPU
		{960201CE-57D0-47CD-A840-02E20D240605}.Debug|x86.ActiveCfg = Debug|Any CPU
		{960201CE-57D0-47CD-A840-02E20D240605}.Debug|x86.Build.0 = Debug|Any CPU
		{960201CE-57D0-47CD-A840-02E20D240605}.Release|Any CPU.ActiveCfg = Release|Any CPU
		{960201CE-57D0-47CD-A840-02E20D240605}.Release|Any CPU.Build.0 = Release|Any CPU
		{960201CE-57D0-47CD-A840-02E20D240605}.Release|ARM.ActiveCfg = Release|Any CPU
		{960201CE-57D0-47CD-A840-02E20D240605}.Release|ARM.Build.0 = Release|Any CPU
		{960201CE-57D0-47CD-A840-02E20D240605}.Release|x64.ActiveCfg = Release|Any CPU
		{960201CE-57D0-47CD-A840-02E20D240605}.Release|x64.Build.0 = Release|Any CPU
		{960201CE-57D0-47CD-A840-02E20D240605}.Release|x86.ActiveCfg = Release|Any CPU
		{960201CE-57D0-47CD-A840-02E20D240605}.Release|x86.Build.0 = Release|Any CPU
		{7BCBB1A6-3A15-4258-896D-5C078D20FC0B}.Debug|Any CPU.ActiveCfg = Debug|Any CPU
		{7BCBB1A6-3A15-4258-896D-5C078D20FC0B}.Debug|Any CPU.Build.0 = Debug|Any CPU
		{7BCBB1A6-3A15-4258-896D-5C078D20FC0B}.Debug|ARM.ActiveCfg = Debug|Any CPU
		{7BCBB1A6-3A15-4258-896D-5C078D20FC0B}.Debug|ARM.Build.0 = Debug|Any CPU
		{7BCBB1A6-3A15-4258-896D-5C078D20FC0B}.Debug|x64.ActiveCfg = Debug|Any CPU
		{7BCBB1A6-3A15-4258-896D-5C078D20FC0B}.Debug|x64.Build.0 = Debug|Any CPU
		{7BCBB1A6-3A15-4258-896D-5C078D20FC0B}.Debug|x86.ActiveCfg = Debug|Any CPU
		{7BCBB1A6-3A15-4258-896D-5C078D20FC0B}.Debug|x86.Build.0 = Debug|Any CPU
		{7BCBB1A6-3A15-4258-896D-5C078D20FC0B}.Release|Any CPU.ActiveCfg = Release|Any CPU
		{7BCBB1A6-3A15-4258-896D-5C078D20FC0B}.Release|Any CPU.Build.0 = Release|Any CPU
		{7BCBB1A6-3A15-4258-896D-5C078D20FC0B}.Release|ARM.ActiveCfg = Release|Any CPU
		{7BCBB1A6-3A15-4258-896D-5C078D20FC0B}.Release|ARM.Build.0 = Release|Any CPU
		{7BCBB1A6-3A15-4258-896D-5C078D20FC0B}.Release|x64.ActiveCfg = Release|Any CPU
		{7BCBB1A6-3A15-4258-896D-5C078D20FC0B}.Release|x64.Build.0 = Release|Any CPU
		{7BCBB1A6-3A15-4258-896D-5C078D20FC0B}.Release|x86.ActiveCfg = Release|Any CPU
		{7BCBB1A6-3A15-4258-896D-5C078D20FC0B}.Release|x86.Build.0 = Release|Any CPU
		{FB37F5C6-E5A5-4797-8EA3-E0AD325F0891}.Debug|Any CPU.ActiveCfg = Debug|Any CPU
		{FB37F5C6-E5A5-4797-8EA3-E0AD325F0891}.Debug|Any CPU.Build.0 = Debug|Any CPU
		{FB37F5C6-E5A5-4797-8EA3-E0AD325F0891}.Debug|ARM.ActiveCfg = Debug|Any CPU
		{FB37F5C6-E5A5-4797-8EA3-E0AD325F0891}.Debug|ARM.Build.0 = Debug|Any CPU
		{FB37F5C6-E5A5-4797-8EA3-E0AD325F0891}.Debug|x64.ActiveCfg = Debug|Any CPU
		{FB37F5C6-E5A5-4797-8EA3-E0AD325F0891}.Debug|x64.Build.0 = Debug|Any CPU
		{FB37F5C6-E5A5-4797-8EA3-E0AD325F0891}.Debug|x86.ActiveCfg = Debug|Any CPU
		{FB37F5C6-E5A5-4797-8EA3-E0AD325F0891}.Debug|x86.Build.0 = Debug|Any CPU
		{FB37F5C6-E5A5-4797-8EA3-E0AD325F0891}.Release|Any CPU.ActiveCfg = Release|Any CPU
		{FB37F5C6-E5A5-4797-8EA3-E0AD325F0891}.Release|Any CPU.Build.0 = Release|Any CPU
		{FB37F5C6-E5A5-4797-8EA3-E0AD325F0891}.Release|ARM.ActiveCfg = Release|Any CPU
		{FB37F5C6-E5A5-4797-8EA3-E0AD325F0891}.Release|ARM.Build.0 = Release|Any CPU
		{FB37F5C6-E5A5-4797-8EA3-E0AD325F0891}.Release|x64.ActiveCfg = Release|Any CPU
		{FB37F5C6-E5A5-4797-8EA3-E0AD325F0891}.Release|x64.Build.0 = Release|Any CPU
		{FB37F5C6-E5A5-4797-8EA3-E0AD325F0891}.Release|x86.ActiveCfg = Release|Any CPU
		{FB37F5C6-E5A5-4797-8EA3-E0AD325F0891}.Release|x86.Build.0 = Release|Any CPU
	EndGlobalSection
	GlobalSection(SolutionProperties) = preSolution
		HideSolutionNode = FALSE
	EndGlobalSection
EndGlobal
